
Microsoft Visual Studio Solution File, Format Version 12.00
# Visual Studio 15
VisualStudioVersion = 15.0.26124.0
MinimumVisualStudioVersion = 15.0.26124.0
Project("{FAE04EC0-301F-11D3-BF4B-00C04F79EFBC}") = "AppAny.HotChocolate.FluentValidation", "src\AppAny.HotChocolate.FluentValidation.csproj", "{0FC3EC24-F266-4059-A3B1-FEB45C2A953C}"
EndProject
Project("{2150E333-8FDC-42A3-9474-1A3956D46DE8}") = "src", "src", "{691DDD6D-5A9B-4A12-99AB-1A918EAC7C00}"
EndProject
Project("{2150E333-8FDC-42A3-9474-1A3956D46DE8}") = "tests", "tests", "{6F314F0D-BE80-42E8-80B3-F724A72F1655}"
EndProject
Project("{FAE04EC0-301F-11D3-BF4B-00C04F79EFBC}") = "AppAny.HotChocolate.FluentValidation.Tests", "tests\AppAny.HotChocolate.FluentValidation.Tests\AppAny.HotChocolate.FluentValidation.Tests.csproj", "{18430055-D437-46D7-AE6B-69FAE7553162}"
EndProject
Global
	GlobalSection(SolutionConfigurationPlatforms) = preSolution
		Debug|Any CPU = Debug|Any CPU
		Debug|x64 = Debug|x64
		Debug|x86 = Debug|x86
		Release|Any CPU = Release|Any CPU
		Release|x64 = Release|x64
		Release|x86 = Release|x86
	EndGlobalSection
	GlobalSection(SolutionProperties) = preSolution
		HideSolutionNode = FALSE
	EndGlobalSection
	GlobalSection(ProjectConfigurationPlatforms) = postSolution
		{0FC3EC24-F266-4059-A3B1-FEB45C2A953C}.Debug|Any CPU.ActiveCfg = Debug|Any CPU
		{0FC3EC24-F266-4059-A3B1-FEB45C2A953C}.Debug|Any CPU.Build.0 = Debug|Any CPU
		{0FC3EC24-F266-4059-A3B1-FEB45C2A953C}.Debug|x64.ActiveCfg = Debug|Any CPU
		{0FC3EC24-F266-4059-A3B1-FEB45C2A953C}.Debug|x64.Build.0 = Debug|Any CPU
		{0FC3EC24-F266-4059-A3B1-FEB45C2A953C}.Debug|x86.ActiveCfg = Debug|Any CPU
		{0FC3EC24-F266-4059-A3B1-FEB45C2A953C}.Debug|x86.Build.0 = Debug|Any CPU
		{0FC3EC24-F266-4059-A3B1-FEB45C2A953C}.Release|Any CPU.ActiveCfg = Release|Any CPU
		{0FC3EC24-F266-4059-A3B1-FEB45C2A953C}.Release|Any CPU.Build.0 = Release|Any CPU
		{0FC3EC24-F266-4059-A3B1-FEB45C2A953C}.Release|x64.ActiveCfg = Release|Any CPU
		{0FC3EC24-F266-4059-A3B1-FEB45C2A953C}.Release|x64.Build.0 = Release|Any CPU
		{0FC3EC24-F266-4059-A3B1-FEB45C2A953C}.Release|x86.ActiveCfg = Release|Any CPU
		{0FC3EC24-F266-4059-A3B1-FEB45C2A953C}.Release|x86.Build.0 = Release|Any CPU
		{18430055-D437-46D7-AE6B-69FAE7553162}.Debug|Any CPU.ActiveCfg = Debug|Any CPU
		{18430055-D437-46D7-AE6B-69FAE7553162}.Debug|Any CPU.Build.0 = Debug|Any CPU
		{18430055-D437-46D7-AE6B-69FAE7553162}.Debug|x64.ActiveCfg = Debug|Any CPU
		{18430055-D437-46D7-AE6B-69FAE7553162}.Debug|x64.Build.0 = Debug|Any CPU
		{18430055-D437-46D7-AE6B-69FAE7553162}.Debug|x86.ActiveCfg = Debug|Any CPU
		{18430055-D437-46D7-AE6B-69FAE7553162}.Debug|x86.Build.0 = Debug|Any CPU
		{18430055-D437-46D7-AE6B-69FAE7553162}.Release|Any CPU.ActiveCfg = Release|Any CPU
		{18430055-D437-46D7-AE6B-69FAE7553162}.Release|Any CPU.Build.0 = Release|Any CPU
		{18430055-D437-46D7-AE6B-69FAE7553162}.Release|x64.ActiveCfg = Release|Any CPU
		{18430055-D437-46D7-AE6B-69FAE7553162}.Release|x64.Build.0 = Release|Any CPU
		{18430055-D437-46D7-AE6B-69FAE7553162}.Release|x86.ActiveCfg = Release|Any CPU
		{18430055-D437-46D7-AE6B-69FAE7553162}.Release|x86.Build.0 = Release|Any CPU
	EndGlobalSection
	GlobalSection(NestedProjects) = preSolution
		{0FC3EC24-F266-4059-A3B1-FEB45C2A953C} = {691DDD6D-5A9B-4A12-99AB-1A918EAC7C00}
		{18430055-D437-46D7-AE6B-69FAE7553162} = {6F314F0D-BE80-42E8-80B3-F724A72F1655}
	EndGlobalSection
EndGlobal
